
Microsoft Visual Studio Solution File, Format Version 12.00
# Visual Studio Version 17
VisualStudioVersion = 17.8.34309.116
MinimumVisualStudioVersion = 10.0.40219.1
Project("{FAE04EC0-301F-11D3-BF4B-00C04F79EFBC}") = "ImagesApi", "ImagesApi\ImagesApi.csproj", "{6A820752-AE07-48D0-9BD9-966E7689C85C}"
EndProject
Global
	GlobalSection(SolutionConfigurationPlatforms) = preSolution
		Debug|Any CPU = Debug|Any CPU
		Release|Any CPU = Release|Any CPU
	EndGlobalSection
	GlobalSection(ProjectConfigurationPlatforms) = postSolution
		{6A820752-AE07-48D0-9BD9-966E7689C85C}.Debug|Any CPU.ActiveCfg = Debug|Any CPU
		{6A820752-AE07-48D0-9BD9-966E7689C85C}.Debug|Any CPU.Build.0 = Debug|Any CPU
		{6A820752-AE07-48D0-9BD9-966E7689C85C}.Release|Any CPU.ActiveCfg = Release|Any CPU
		{6A820752-AE07-48D0-9BD9-966E7689C85C}.Release|Any CPU.Build.0 = Release|Any CPU
	EndGlobalSection
	GlobalSection(SolutionProperties) = preSolution
		HideSolutionNode = FALSE
	EndGlobalSection
	GlobalSection(ExtensibilityGlobals) = postSolution
		SolutionGuid = {569460FD-1096-4866-9029-84E4DDA81355}
	EndGlobalSection
EndGlobal
